
Microsoft Visual Studio Solution File, Format Version 12.00
# Visual Studio Version 17
VisualStudioVersion = 17.6.33815.320
MinimumVisualStudioVersion = 10.0.40219.1
Project("{9A19103F-16F7-4668-BE54-9A1E7A4F7556}") = "DomainLayer", "DomainApplication\DomainLayer.csproj", "{E55F7E1A-31B8-4481-B3A4-8D654B4CFB66}"
EndProject
Project("{9A19103F-16F7-4668-BE54-9A1E7A4F7556}") = "DataAccessLayer", "RepositoryLayer\DataAccessLayer.csproj", "{E3A1A089-AC91-4753-A361-9021509DBC30}"
EndProject
Project("{9A19103F-16F7-4668-BE54-9A1E7A4F7556}") = "Booking.com", "Runners\Booking.com.csproj", "{76A50CEF-F86B-4BA7-83E5-6566E77A2D84}"
EndProject
Global
	GlobalSection(SolutionConfigurationPlatforms) = preSolution
		Debug|Any CPU = Debug|Any CPU
		Release|Any CPU = Release|Any CPU
	EndGlobalSection
	GlobalSection(ProjectConfigurationPlatforms) = postSolution
		{E55F7E1A-31B8-4481-B3A4-8D654B4CFB66}.Debug|Any CPU.ActiveCfg = Debug|Any CPU
		{E55F7E1A-31B8-4481-B3A4-8D654B4CFB66}.Debug|Any CPU.Build.0 = Debug|Any CPU
		{E55F7E1A-31B8-4481-B3A4-8D654B4CFB66}.Release|Any CPU.ActiveCfg = Release|Any CPU
		{E55F7E1A-31B8-4481-B3A4-8D654B4CFB66}.Release|Any CPU.Build.0 = Release|Any CPU
		{E3A1A089-AC91-4753-A361-9021509DBC30}.Debug|Any CPU.ActiveCfg = Debug|Any CPU
		{E3A1A089-AC91-4753-A361-9021509DBC30}.Debug|Any CPU.Build.0 = Debug|Any CPU
		{E3A1A089-AC91-4753-A361-9021509DBC30}.Release|Any CPU.ActiveCfg = Release|Any CPU
		{E3A1A089-AC91-4753-A361-9021509DBC30}.Release|Any CPU.Build.0 = Release|Any CPU
		{76A50CEF-F86B-4BA7-83E5-6566E77A2D84}.Debug|Any CPU.ActiveCfg = Debug|Any CPU
		{76A50CEF-F86B-4BA7-83E5-6566E77A2D84}.Debug|Any CPU.Build.0 = Debug|Any CPU
		{76A50CEF-F86B-4BA7-83E5-6566E77A2D84}.Release|Any CPU.ActiveCfg = Release|Any CPU
		{76A50CEF-F86B-4BA7-83E5-6566E77A2D84}.Release|Any CPU.Build.0 = Release|Any CPU
	EndGlobalSection
	GlobalSection(SolutionProperties) = preSolution
		HideSolutionNode = FALSE
	EndGlobalSection
	GlobalSection(ExtensibilityGlobals) = postSolution
		SolutionGuid = {CD26F1BF-78DE-4D68-8194-9026B50ACA14}
	EndGlobalSection
EndGlobal
